// !$*UTF8*$!
{
	archiveVersion = 1;
	classes = {
	};
	objectVersion = 50;
	objects = {

/* Begin PBXBuildFile section */
		A9BCA3A42542833E00AC28B2 /* AppDelegate.swift in Sources */ = {isa = PBXBuildFile; fileRef = A9BCA3A32542833E00AC28B2 /* AppDelegate.swift */; };
		A9BCA3A62542833E00AC28B2 /* SceneDelegate.swift in Sources */ = {isa = PBXBuildFile; fileRef = A9BCA3A52542833E00AC28B2 /* SceneDelegate.swift */; };
		A9BCA3A82542833E00AC28B2 /* ViewController.swift in Sources */ = {isa = PBXBuildFile; fileRef = A9BCA3A72542833E00AC28B2 /* ViewController.swift */; };
		A9BCA3AD2542833F00AC28B2 /* Assets.xcassets in Resources */ = {isa = PBXBuildFile; fileRef = A9BCA3AC2542833F00AC28B2 /* Assets.xcassets */; };
		A9BCA3B02542833F00AC28B2 /* LaunchScreen.storyboard in Resources */ = {isa = PBXBuildFile; fileRef = A9BCA3AE2542833F00AC28B2 /* LaunchScreen.storyboard */; };
		A9BCA3BB2542834000AC28B2 /* MVVM_LEBONCOINTests.swift in Sources */ = {isa = PBXBuildFile; fileRef = A9BCA3BA2542834000AC28B2 /* MVVM_LEBONCOINTests.swift */; };
		A9BCA3C62542834000AC28B2 /* MVVM_LEBONCOINUITests.swift in Sources */ = {isa = PBXBuildFile; fileRef = A9BCA3C52542834000AC28B2 /* MVVM_LEBONCOINUITests.swift */; };
		A9BCA3DE2542848E00AC28B2 /* AdsListViewController.swift in Sources */ = {isa = PBXBuildFile; fileRef = A9BCA3DD2542848E00AC28B2 /* AdsListViewController.swift */; };
/* End PBXBuildFile section */

/* Begin PBXContainerItemProxy section */
		A9BCA3B72542834000AC28B2 /* PBXContainerItemProxy */ = {
			isa = PBXContainerItemProxy;
			containerPortal = A9BCA3982542833E00AC28B2 /* Project object */;
			proxyType = 1;
			remoteGlobalIDString = A9BCA39F2542833E00AC28B2;
			remoteInfo = "MVVM-LEBONCOIN";
		};
		A9BCA3C22542834000AC28B2 /* PBXContainerItemProxy */ = {
			isa = PBXContainerItemProxy;
			containerPortal = A9BCA3982542833E00AC28B2 /* Project object */;
			proxyType = 1;
			remoteGlobalIDString = A9BCA39F2542833E00AC28B2;
			remoteInfo = "MVVM-LEBONCOIN";
		};
/* End PBXContainerItemProxy section */

/* Begin PBXFileReference section */
		A9BCA3A02542833E00AC28B2 /* MVVM-LEBONCOIN.app */ = {isa = PBXFileReference; explicitFileType = wrapper.application; includeInIndex = 0; path = "MVVM-LEBONCOIN.app"; sourceTree = BUILT_PRODUCTS_DIR; };
		A9BCA3A32542833E00AC28B2 /* AppDelegate.swift */ = {isa = PBXFileReference; lastKnownFileType = sourcecode.swift; path = AppDelegate.swift; sourceTree = "<group>"; };
		A9BCA3A52542833E00AC28B2 /* SceneDelegate.swift */ = {isa = PBXFileReference; lastKnownFileType = sourcecode.swift; path = SceneDelegate.swift; sourceTree = "<group>"; };
		A9BCA3A72542833E00AC28B2 /* ViewController.swift */ = {isa = PBXFileReference; lastKnownFileType = sourcecode.swift; path = ViewController.swift; sourceTree = "<group>"; };
		A9BCA3AC2542833F00AC28B2 /* Assets.xcassets */ = {isa = PBXFileReference; lastKnownFileType = folder.assetcatalog; path = Assets.xcassets; sourceTree = "<group>"; };
		A9BCA3AF2542833F00AC28B2 /* Base */ = {isa = PBXFileReference; lastKnownFileType = file.storyboard; name = Base; path = Base.lproj/LaunchScreen.storyboard; sourceTree = "<group>"; };
		A9BCA3B12542833F00AC28B2 /* Info.plist */ = {isa = PBXFileReference; lastKnownFileType = text.plist.xml; path = Info.plist; sourceTree = "<group>"; };
		A9BCA3B62542834000AC28B2 /* MVVM-LEBONCOINTests.xctest */ = {isa = PBXFileReference; explicitFileType = wrapper.cfbundle; includeInIndex = 0; path = "MVVM-LEBONCOINTests.xctest"; sourceTree = BUILT_PRODUCTS_DIR; };
		A9BCA3BA2542834000AC28B2 /* MVVM_LEBONCOINTests.swift */ = {isa = PBXFileReference; lastKnownFileType = sourcecode.swift; path = MVVM_LEBONCOINTests.swift; sourceTree = "<group>"; };
		A9BCA3BC2542834000AC28B2 /* Info.plist */ = {isa = PBXFileReference; lastKnownFileType = text.plist.xml; path = Info.plist; sourceTree = "<group>"; };
		A9BCA3C12542834000AC28B2 /* MVVM-LEBONCOINUITests.xctest */ = {isa = PBXFileReference; explicitFileType = wrapper.cfbundle; includeInIndex = 0; path = "MVVM-LEBONCOINUITests.xctest"; sourceTree = BUILT_PRODUCTS_DIR; };
		A9BCA3C52542834000AC28B2 /* MVVM_LEBONCOINUITests.swift */ = {isa = PBXFileReference; lastKnownFileType = sourcecode.swift; path = MVVM_LEBONCOINUITests.swift; sourceTree = "<group>"; };
		A9BCA3C72542834000AC28B2 /* Info.plist */ = {isa = PBXFileReference; lastKnownFileType = text.plist.xml; path = Info.plist; sourceTree = "<group>"; };
		A9BCA3DD2542848E00AC28B2 /* AdsListViewController.swift */ = {isa = PBXFileReference; lastKnownFileType = sourcecode.swift; path = AdsListViewController.swift; sourceTree = "<group>"; };
/* End PBXFileReference section */

/* Begin PBXFrameworksBuildPhase section */
		A9BCA39D2542833E00AC28B2 /* Frameworks */ = {
			isa = PBXFrameworksBuildPhase;
			buildActionMask = 2147483647;
			files = (
			);
			runOnlyForDeploymentPostprocessing = 0;
		};
		A9BCA3B32542834000AC28B2 /* Frameworks */ = {
			isa = PBXFrameworksBuildPhase;
			buildActionMask = 2147483647;
			files = (
			);
			runOnlyForDeploymentPostprocessing = 0;
		};
		A9BCA3BE2542834000AC28B2 /* Frameworks */ = {
			isa = PBXFrameworksBuildPhase;
			buildActionMask = 2147483647;
			files = (
			);
			runOnlyForDeploymentPostprocessing = 0;
		};
/* End PBXFrameworksBuildPhase section */

/* Begin PBXGroup section */
		A9BCA3972542833E00AC28B2 = {
			isa = PBXGroup;
			children = (
				A9BCA3A22542833E00AC28B2 /* MVVM-LEBONCOIN */,
				A9BCA3B92542834000AC28B2 /* MVVM-LEBONCOINTests */,
				A9BCA3C42542834000AC28B2 /* MVVM-LEBONCOINUITests */,
				A9BCA3A12542833E00AC28B2 /* Products */,
			);
			sourceTree = "<group>";
		};
		A9BCA3A12542833E00AC28B2 /* Products */ = {
			isa = PBXGroup;
			children = (
				A9BCA3A02542833E00AC28B2 /* MVVM-LEBONCOIN.app */,
				A9BCA3B62542834000AC28B2 /* MVVM-LEBONCOINTests.xctest */,
				A9BCA3C12542834000AC28B2 /* MVVM-LEBONCOINUITests.xctest */,
			);
			name = Products;
			sourceTree = "<group>";
		};
		A9BCA3A22542833E00AC28B2 /* MVVM-LEBONCOIN */ = {
			isa = PBXGroup;
			children = (
				A9BCA3DC2542847000AC28B2 /* Controllers */,
				A9BCA3A32542833E00AC28B2 /* AppDelegate.swift */,
				A9BCA3A52542833E00AC28B2 /* SceneDelegate.swift */,
				A9BCA3A72542833E00AC28B2 /* ViewController.swift */,
				A9BCA3AC2542833F00AC28B2 /* Assets.xcassets */,
				A9BCA3AE2542833F00AC28B2 /* LaunchScreen.storyboard */,
				A9BCA3B12542833F00AC28B2 /* Info.plist */,
			);
			path = "MVVM-LEBONCOIN";
			sourceTree = "<group>";
		};
		A9BCA3B92542834000AC28B2 /* MVVM-LEBONCOINTests */ = {
			isa = PBXGroup;
			children = (
				A9BCA3BA2542834000AC28B2 /* MVVM_LEBONCOINTests.swift */,
				A9BCA3BC2542834000AC28B2 /* Info.plist */,
			);
			path = "MVVM-LEBONCOINTests";
			sourceTree = "<group>";
		};
		A9BCA3C42542834000AC28B2 /* MVVM-LEBONCOINUITests */ = {
			isa = PBXGroup;
			children = (
				A9BCA3C52542834000AC28B2 /* MVVM_LEBONCOINUITests.swift */,
				A9BCA3C72542834000AC28B2 /* Info.plist */,
			);
			path = "MVVM-LEBONCOINUITests";
			sourceTree = "<group>";
		};
		A9BCA3DC2542847000AC28B2 /* Controllers */ = {
			isa = PBXGroup;
			children = (
				A9BCA3DD2542848E00AC28B2 /* AdsListViewController.swift */,
			);
			path = Controllers;
			sourceTree = "<group>";
		};
/* End PBXGroup section */

/* Begin PBXNativeTarget section */
		A9BCA39F2542833E00AC28B2 /* MVVM-LEBONCOIN */ = {
			isa = PBXNativeTarget;
			buildConfigurationList = A9BCA3CA2542834000AC28B2 /* Build configuration list for PBXNativeTarget "MVVM-LEBONCOIN" */;
			buildPhases = (
				A9BCA39C2542833E00AC28B2 /* Sources */,
				A9BCA39D2542833E00AC28B2 /* Frameworks */,
				A9BCA39E2542833E00AC28B2 /* Resources */,
			);
			buildRules = (
			);
			dependencies = (
			);
			name = "MVVM-LEBONCOIN";
			productName = "MVVM-LEBONCOIN";
			productReference = A9BCA3A02542833E00AC28B2 /* MVVM-LEBONCOIN.app */;
			productType = "com.apple.product-type.application";
		};
		A9BCA3B52542834000AC28B2 /* MVVM-LEBONCOINTests */ = {
			isa = PBXNativeTarget;
			buildConfigurationList = A9BCA3CD2542834000AC28B2 /* Build configuration list for PBXNativeTarget "MVVM-LEBONCOINTests" */;
			buildPhases = (
				A9BCA3B22542834000AC28B2 /* Sources */,
				A9BCA3B32542834000AC28B2 /* Frameworks */,
				A9BCA3B42542834000AC28B2 /* Resources */,
			);
			buildRules = (
			);
			dependencies = (
				A9BCA3B82542834000AC28B2 /* PBXTargetDependency */,
			);
			name = "MVVM-LEBONCOINTests";
			productName = "MVVM-LEBONCOINTests";
			productReference = A9BCA3B62542834000AC28B2 /* MVVM-LEBONCOINTests.xctest */;
			productType = "com.apple.product-type.bundle.unit-test";
		};
		A9BCA3C02542834000AC28B2 /* MVVM-LEBONCOINUITests */ = {
			isa = PBXNativeTarget;
			buildConfigurationList = A9BCA3D02542834000AC28B2 /* Build configuration list for PBXNativeTarget "MVVM-LEBONCOINUITests" */;
			buildPhases = (
				A9BCA3BD2542834000AC28B2 /* Sources */,
				A9BCA3BE2542834000AC28B2 /* Frameworks */,
				A9BCA3BF2542834000AC28B2 /* Resources */,
			);
			buildRules = (
			);
			dependencies = (
				A9BCA3C32542834000AC28B2 /* PBXTargetDependency */,
			);
			name = "MVVM-LEBONCOINUITests";
			productName = "MVVM-LEBONCOINUITests";
			productReference = A9BCA3C12542834000AC28B2 /* MVVM-LEBONCOINUITests.xctest */;
			productType = "com.apple.product-type.bundle.ui-testing";
		};
/* End PBXNativeTarget section */

/* Begin PBXProject section */
		A9BCA3982542833E00AC28B2 /* Project object */ = {
			isa = PBXProject;
			attributes = {
				LastSwiftUpdateCheck = 1210;
				LastUpgradeCheck = 1210;
				TargetAttributes = {
					A9BCA39F2542833E00AC28B2 = {
						CreatedOnToolsVersion = 12.1;
					};
					A9BCA3B52542834000AC28B2 = {
						CreatedOnToolsVersion = 12.1;
						TestTargetID = A9BCA39F2542833E00AC28B2;
					};
					A9BCA3C02542834000AC28B2 = {
						CreatedOnToolsVersion = 12.1;
						TestTargetID = A9BCA39F2542833E00AC28B2;
					};
				};
			};
			buildConfigurationList = A9BCA39B2542833E00AC28B2 /* Build configuration list for PBXProject "MVVM-LEBONCOIN" */;
			compatibilityVersion = "Xcode 9.3";
			developmentRegion = en;
			hasScannedForEncodings = 0;
			knownRegions = (
				en,
				Base,
			);
			mainGroup = A9BCA3972542833E00AC28B2;
			productRefGroup = A9BCA3A12542833E00AC28B2 /* Products */;
			projectDirPath = "";
			projectRoot = "";
			targets = (
				A9BCA39F2542833E00AC28B2 /* MVVM-LEBONCOIN */,
				A9BCA3B52542834000AC28B2 /* MVVM-LEBONCOINTests */,
				A9BCA3C02542834000AC28B2 /* MVVM-LEBONCOINUITests */,
			);
		};
/* End PBXProject section */

/* Begin PBXResourcesBuildPhase section */
		A9BCA39E2542833E00AC28B2 /* Resources */ = {
			isa = PBXResourcesBuildPhase;
			buildActionMask = 2147483647;
			files = (
				A9BCA3B02542833F00AC28B2 /* LaunchScreen.storyboard in Resources */,
				A9BCA3AD2542833F00AC28B2 /* Assets.xcassets in Resources */,
			);
			runOnlyForDeploymentPostprocessing = 0;
		};
		A9BCA3B42542834000AC28B2 /* Resources */ = {
			isa = PBXResourcesBuildPhase;
			buildActionMask = 2147483647;
			files = (
			);
			runOnlyForDeploymentPostprocessing = 0;
		};
		A9BCA3BF2542834000AC28B2 /* Resources */ = {
			isa = PBXResourcesBuildPhase;
			buildActionMask = 2147483647;
			files = (
			);
			runOnlyForDeploymentPostprocessing = 0;
		};
/* End PBXResourcesBuildPhase section */

/* Begin PBXSourcesBuildPhase section */
		A9BCA39C2542833E00AC28B2 /* Sources */ = {
			isa = PBXSourcesBuildPhase;
			buildActionMask = 2147483647;
			files = (
				A9BCA3A82542833E00AC28B2 /* ViewController.swift in Sources */,
				A9BCA3DE2542848E00AC28B2 /* AdsListViewController.swift in Sources */,
				A9BCA3A42542833E00AC28B2 /* AppDelegate.swift in Sources */,
				A9BCA3A62542833E00AC28B2 /* SceneDelegate.swift in Sources */,
			);
			runOnlyForDeploymentPostprocessing = 0;
		};
		A9BCA3B22542834000AC28B2 /* Sources */ = {
			isa = PBXSourcesBuildPhase;
			buildActionMask = 2147483647;
			files = (
				A9BCA3BB2542834000AC28B2 /* MVVM_LEBONCOINTests.swift in Sources */,
			);
			runOnlyForDeploymentPostprocessing = 0;
		};
		A9BCA3BD2542834000AC28B2 /* Sources */ = {
			isa = PBXSourcesBuildPhase;
			buildActionMask = 2147483647;
			files = (
				A9BCA3C62542834000AC28B2 /* MVVM_LEBONCOINUITests.swift in Sources */,
			);
			runOnlyForDeploymentPostprocessing = 0;
		};
/* End PBXSourcesBuildPhase section */

/* Begin PBXTargetDependency section */
		A9BCA3B82542834000AC28B2 /* PBXTargetDependency */ = {
			isa = PBXTargetDependency;
			target = A9BCA39F2542833E00AC28B2 /* MVVM-LEBONCOIN */;
			targetProxy = A9BCA3B72542834000AC28B2 /* PBXContainerItemProxy */;
		};
		A9BCA3C32542834000AC28B2 /* PBXTargetDependency */ = {
			isa = PBXTargetDependency;
			target = A9BCA39F2542833E00AC28B2 /* MVVM-LEBONCOIN */;
			targetProxy = A9BCA3C22542834000AC28B2 /* PBXContainerItemProxy */;
		};
/* End PBXTargetDependency section */

/* Begin PBXVariantGroup section */
		A9BCA3AE2542833F00AC28B2 /* LaunchScreen.storyboard */ = {
			isa = PBXVariantGroup;
			children = (
				A9BCA3AF2542833F00AC28B2 /* Base */,
			);
			name = LaunchScreen.storyboard;
			sourceTree = "<group>";
		};
/* End PBXVariantGroup section */

/* Begin XCBuildConfiguration section */
		A9BCA3C82542834000AC28B2 /* Debug */ = {
			isa = XCBuildConfiguration;
			buildSettings = {
				ALWAYS_SEARCH_USER_PATHS = NO;
				CLANG_ANALYZER_NONNULL = YES;
				CLANG_ANALYZER_NUMBER_OBJECT_CONVERSION = YES_AGGRESSIVE;
				CLANG_CXX_LANGUAGE_STANDARD = "gnu++14";
				CLANG_CXX_LIBRARY = "libc++";
				CLANG_ENABLE_MODULES = YES;
				CLANG_ENABLE_OBJC_ARC = YES;
				CLANG_ENABLE_OBJC_WEAK = YES;
				CLANG_WARN_BLOCK_CAPTURE_AUTORELEASING = YES;
				CLANG_WARN_BOOL_CONVERSION = YES;
				CLANG_WARN_COMMA = YES;
				CLANG_WARN_CONSTANT_CONVERSION = YES;
				CLANG_WARN_DEPRECATED_OBJC_IMPLEMENTATIONS = YES;
				CLANG_WARN_DIRECT_OBJC_ISA_USAGE = YES_ERROR;
				CLANG_WARN_DOCUMENTATION_COMMENTS = YES;
				CLANG_WARN_EMPTY_BODY = YES;
				CLANG_WARN_ENUM_CONVERSION = YES;
				CLANG_WARN_INFINITE_RECURSION = YES;
				CLANG_WARN_INT_CONVERSION = YES;
				CLANG_WARN_NON_LITERAL_NULL_CONVERSION = YES;
				CLANG_WARN_OBJC_IMPLICIT_RETAIN_SELF = YES;
				CLANG_WARN_OBJC_LITERAL_CONVERSION = YES;
				CLANG_WARN_OBJC_ROOT_CLASS = YES_ERROR;
				CLANG_WARN_QUOTED_INCLUDE_IN_FRAMEWORK_HEADER = YES;
				CLANG_WARN_RANGE_LOOP_ANALYSIS = YES;
				CLANG_WARN_STRICT_PROTOTYPES = YES;
				CLANG_WARN_SUSPICIOUS_MOVE = YES;
				CLANG_WARN_UNGUARDED_AVAILABILITY = YES_AGGRESSIVE;
				CLANG_WARN_UNREACHABLE_CODE = YES;
				CLANG_WARN__DUPLICATE_METHOD_MATCH = YES;
				COPY_PHASE_STRIP = NO;
				DEBUG_INFORMATION_FORMAT = dwarf;
				ENABLE_STRICT_OBJC_MSGSEND = YES;
				ENABLE_TESTABILITY = YES;
				GCC_C_LANGUAGE_STANDARD = gnu11;
				GCC_DYNAMIC_NO_PIC = NO;
				GCC_NO_COMMON_BLOCKS = YES;
				GCC_OPTIMIZATION_LEVEL = 0;
				GCC_PREPROCESSOR_DEFINITIONS = (
					"DEBUG=1",
					"$(inherited)",
				);
				GCC_WARN_64_TO_32_BIT_CONVERSION = YES;
				GCC_WARN_ABOUT_RETURN_TYPE = YES_ERROR;
				GCC_WARN_UNDECLARED_SELECTOR = YES;
				GCC_WARN_UNINITIALIZED_AUTOS = YES_AGGRESSIVE;
				GCC_WARN_UNUSED_FUNCTION = YES;
				GCC_WARN_UNUSED_VARIABLE = YES;
				IPHONEOS_DEPLOYMENT_TARGET = 14.1;
				MTL_ENABLE_DEBUG_INFO = INCLUDE_SOURCE;
				MTL_FAST_MATH = YES;
				ONLY_ACTIVE_ARCH = YES;
				SDKROOT = iphoneos;
				SWIFT_ACTIVE_COMPILATION_CONDITIONS = DEBUG;
				SWIFT_OPTIMIZATION_LEVEL = "-Onone";
			};
			name = Debug;
		};
		A9BCA3C92542834000AC28B2 /* Release */ = {
			isa = XCBuildConfiguration;
			buildSettings = {
				ALWAYS_SEARCH_USER_PATHS = NO;
				CLANG_ANALYZER_NONNULL = YES;
				CLANG_ANALYZER_NUMBER_OBJECT_CONVERSION = YES_AGGRESSIVE;
				CLANG_CXX_LANGUAGE_STANDARD = "gnu++14";
				CLANG_CXX_LIBRARY = "libc++";
				CLANG_ENABLE_MODULES = YES;
				CLANG_ENABLE_OBJC_ARC = YES;
				CLANG_ENABLE_OBJC_WEAK = YES;
				CLANG_WARN_BLOCK_CAPTURE_AUTORELEASING = YES;
				CLANG_WARN_BOOL_CONVERSION = YES;
				CLANG_WARN_COMMA = YES;
				CLANG_WARN_CONSTANT_CONVERSION = YES;
				CLANG_WARN_DEPRECATED_OBJC_IMPLEMENTATIONS = YES;
				CLANG_WARN_DIRECT_OBJC_ISA_USAGE = YES_ERROR;
				CLANG_WARN_DOCUMENTATION_COMMENTS = YES;
				CLANG_WARN_EMPTY_BODY = YES;
				CLANG_WARN_ENUM_CONVERSION = YES;
				CLANG_WARN_INFINITE_RECURSION = YES;
				CLANG_WARN_INT_CONVERSION = YES;
				CLANG_WARN_NON_LITERAL_NULL_CONVERSION = YES;
				CLANG_WARN_OBJC_IMPLICIT_RETAIN_SELF = YES;
				CLANG_WARN_OBJC_LITERAL_CONVERSION = YES;
				CLANG_WARN_OBJC_ROOT_CLASS = YES_ERROR;
				CLANG_WARN_QUOTED_INCLUDE_IN_FRAMEWORK_HEADER = YES;
				CLANG_WARN_RANGE_LOOP_ANALYSIS = YES;
				CLANG_WARN_STRICT_PROTOTYPES = YES;
				CLANG_WARN_SUSPICIOUS_MOVE = YES;
				CLANG_WARN_UNGUARDED_AVAILABILITY = YES_AGGRESSIVE;
				CLANG_WARN_UNREACHABLE_CODE = YES;
				CLANG_WARN__DUPLICATE_METHOD_MATCH = YES;
				COPY_PHASE_STRIP = NO;
				DEBUG_INFORMATION_FORMAT = "dwarf-with-dsym";
				ENABLE_NS_ASSERTIONS = NO;
				ENABLE_STRICT_OBJC_MSGSEND = YES;
				GCC_C_LANGUAGE_STANDARD = gnu11;
				GCC_NO_COMMON_BLOCKS = YES;
				GCC_WARN_64_TO_32_BIT_CONVERSION = YES;
				GCC_WARN_ABOUT_RETURN_TYPE = YES_ERROR;
				GCC_WARN_UNDECLARED_SELECTOR = YES;
				GCC_WARN_UNINITIALIZED_AUTOS = YES_AGGRESSIVE;
				GCC_WARN_UNUSED_FUNCTION = YES;
				GCC_WARN_UNUSED_VARIABLE = YES;
				IPHONEOS_DEPLOYMENT_TARGET = 14.1;
				MTL_ENABLE_DEBUG_INFO = NO;
				MTL_FAST_MATH = YES;
				SDKROOT = iphoneos;
				SWIFT_COMPILATION_MODE = wholemodule;
				SWIFT_OPTIMIZATION_LEVEL = "-O";
				VALIDATE_PRODUCT = YES;
			};
			name = Release;
		};
		A9BCA3CB2542834000AC28B2 /* Debug */ = {
			isa = XCBuildConfiguration;
			buildSettings = {
				ASSETCATALOG_COMPILER_APPICON_NAME = AppIcon;
				ASSETCATALOG_COMPILER_GLOBAL_ACCENT_COLOR_NAME = AccentColor;
				CODE_SIGN_STYLE = Automatic;
				DEVELOPMENT_TEAM = UKDXZ4J8J3;
				INFOPLIST_FILE = "MVVM-LEBONCOIN/Info.plist";
				IPHONEOS_DEPLOYMENT_TARGET = 11.0;
				LD_RUNPATH_SEARCH_PATHS = (
					"$(inherited)",
					"@executable_path/Frameworks",
				);
				PRODUCT_BUNDLE_IDENTIFIER = "com.LBCTest.MVVM-LEBONCOIN";
				PRODUCT_NAME = "$(TARGET_NAME)";
				SWIFT_VERSION = 5.0;
				TARGETED_DEVICE_FAMILY = 1;
			};
			name = Debug;
		};
		A9BCA3CC2542834000AC28B2 /* Release */ = {
			isa = XCBuildConfiguration;
			buildSettings = {
				ASSETCATALOG_COMPILER_APPICON_NAME = AppIcon;
				ASSETCATALOG_COMPILER_GLOBAL_ACCENT_COLOR_NAME = AccentColor;
				CODE_SIGN_STYLE = Automatic;
				DEVELOPMENT_TEAM = UKDXZ4J8J3;
				INFOPLIST_FILE = "MVVM-LEBONCOIN/Info.plist";
				IPHONEOS_DEPLOYMENT_TARGET = 11.0;
				LD_RUNPATH_SEARCH_PATHS = (
					"$(inherited)",
					"@executable_path/Frameworks",
				);
				PRODUCT_BUNDLE_IDENTIFIER = "com.LBCTest.MVVM-LEBONCOIN";
				PRODUCT_NAME = "$(TARGET_NAME)";
				SWIFT_VERSION = 5.0;
				TARGETED_DEVICE_FAMILY = 1;
			};
			name = Release;
		};
		A9BCA3CE2542834000AC28B2 /* Debug */ = {
			isa = XCBuildConfiguration;
			buildSettings = {
				ALWAYS_EMBED_SWIFT_STANDARD_LIBRARIES = YES;
				BUNDLE_LOADER = "$(TEST_HOST)";
				CODE_SIGN_STYLE = Automatic;
				DEVELOPMENT_TEAM = UKDXZ4J8J3;
				INFOPLIST_FILE = "MVVM-LEBONCOINTests/Info.plist";
				IPHONEOS_DEPLOYMENT_TARGET = 14.1;
				LD_RUNPATH_SEARCH_PATHS = (
					"$(inherited)",
					"@executable_path/Frameworks",
					"@loader_path/Frameworks",
				);
				PRODUCT_BUNDLE_IDENTIFIER = "com.LBCTest.MVVM-LEBONCOINTests";
				PRODUCT_NAME = "$(TARGET_NAME)";
				SWIFT_VERSION = 5.0;
				TARGETED_DEVICE_FAMILY = "1,2";
				TEST_HOST = "$(BUILT_PRODUCTS_DIR)/MVVM-LEBONCOIN.app/MVVM-LEBONCOIN";
			};
			name = Debug;
		};
		A9BCA3CF2542834000AC28B2 /* Release */ = {
			isa = XCBuildConfiguration;
			buildSettings = {
				ALWAYS_EMBED_SWIFT_STANDARD_LIBRARIES = YES;
				BUNDLE_LOADER = "$(TEST_HOST)";
				CODE_SIGN_STYLE = Automatic;
				DEVELOPMENT_TEAM = UKDXZ4J8J3;
				INFOPLIST_FILE = "MVVM-LEBONCOINTests/Info.plist";
				IPHONEOS_DEPLOYMENT_TARGET = 14.1;
				LD_RUNPATH_SEARCH_PATHS = (
					"$(inherited)",
					"@executable_path/Frameworks",
					"@loader_path/Frameworks",
				);
				PRODUCT_BUNDLE_IDENTIFIER = "com.LBCTest.MVVM-LEBONCOINTests";
				PRODUCT_NAME = "$(TARGET_NAME)";
				SWIFT_VERSION = 5.0;
				TARGETED_DEVICE_FAMILY = "1,2";
				TEST_HOST = "$(BUILT_PRODUCTS_DIR)/MVVM-LEBONCOIN.app/MVVM-LEBONCOIN";
			};
			name = Release;
		};
		A9BCA3D12542834000AC28B2 /* Debug */ = {
			isa = XCBuildConfiguration;
			buildSettings = {
				ALWAYS_EMBED_SWIFT_STANDARD_LIBRARIES = YES;
				CODE_SIGN_STYLE = Automatic;
				DEVELOPMENT_TEAM = UKDXZ4J8J3;
				INFOPLIST_FILE = "MVVM-LEBONCOINUITests/Info.plist";
				LD_RUNPATH_SEARCH_PATHS = (
					"$(inherited)",
					"@executable_path/Frameworks",
					"@loader_path/Frameworks",
				);
				PRODUCT_BUNDLE_IDENTIFIER = "com.LBCTest.MVVM-LEBONCOINUITests";
				PRODUCT_NAME = "$(TARGET_NAME)";
				SWIFT_VERSION = 5.0;
				TARGETED_DEVICE_FAMILY = "1,2";
				TEST_TARGET_NAME = "MVVM-LEBONCOIN";
			};
			name = Debug;
		};
		A9BCA3D22542834000AC28B2 /* Release */ = {
			isa = XCBuildConfiguration;
			buildSettings = {
				ALWAYS_EMBED_SWIFT_STANDARD_LIBRARIES = YES;
				CODE_SIGN_STYLE = Automatic;
				DEVELOPMENT_TEAM = UKDXZ4J8J3;
				INFOPLIST_FILE = "MVVM-LEBONCOINUITests/Info.plist";
				LD_RUNPATH_SEARCH_PATHS = (
					"$(inherited)",
					"@executable_path/Frameworks",
					"@loader_path/Frameworks",
				);
				PRODUCT_BUNDLE_IDENTIFIER = "com.LBCTest.MVVM-LEBONCOINUITests";
				PRODUCT_NAME = "$(TARGET_NAME)";
				SWIFT_VERSION = 5.0;
				TARGETED_DEVICE_FAMILY = "1,2";
				TEST_TARGET_NAME = "MVVM-LEBONCOIN";
			};
			name = Release;
		};
/* End XCBuildConfiguration section */

/* Begin XCConfigurationList section */
		A9BCA39B2542833E00AC28B2 /* Build configuration list for PBXProject "MVVM-LEBONCOIN" */ = {
			isa = XCConfigurationList;
			buildConfigurations = (
				A9BCA3C82542834000AC28B2 /* Debug */,
				A9BCA3C92542834000AC28B2 /* Release */,
			);
			defaultConfigurationIsVisible = 0;
			defaultConfigurationName = Release;
		};
		A9BCA3CA2542834000AC28B2 /* Build configuration list for PBXNativeTarget "MVVM-LEBONCOIN" */ = {
			isa = XCConfigurationList;
			buildConfigurations = (
				A9BCA3CB2542834000AC28B2 /* Debug */,
				A9BCA3CC2542834000AC28B2 /* Release */,
			);
			defaultConfigurationIsVisible = 0;
			defaultConfigurationName = Release;
		};
		A9BCA3CD2542834000AC28B2 /* Build configuration list for PBXNativeTarget "MVVM-LEBONCOINTests" */ = {
			isa = XCConfigurationList;
			buildConfigurations = (
				A9BCA3CE2542834000AC28B2 /* Debug */,
				A9BCA3CF2542834000AC28B2 /* Release */,
			);
			defaultConfigurationIsVisible = 0;
			defaultConfigurationName = Release;
		};
		A9BCA3D02542834000AC28B2 /* Build configuration list for PBXNativeTarget "MVVM-LEBONCOINUITests" */ = {
			isa = XCConfigurationList;
			buildConfigurations = (
				A9BCA3D12542834000AC28B2 /* Debug */,
				A9BCA3D22542834000AC28B2 /* Release */,
			);
			defaultConfigurationIsVisible = 0;
			defaultConfigurationName = Release;
		};
/* End XCConfigurationList section */
	};
	rootObject = A9BCA3982542833E00AC28B2 /* Project object */;
}
